
Microsoft Visual Studio Solution File, Format Version 12.00
# Visual Studio Version 17
VisualStudioVersion = 17.7.34031.279
MinimumVisualStudioVersion = 10.0.40219.1
Project("{9A19103F-16F7-4668-BE54-9A1E7A4F7556}") = "openIDGord", "openIDGord\openIDGord.csproj", "{E7D62E69-F433-488B-95C3-6CA72AFC245E}"
EndProject
Project("{9A19103F-16F7-4668-BE54-9A1E7A4F7556}") = "AuthModelLib", "AuthModelLib\AuthModelLib.csproj", "{BC2E7DDB-01CC-42D9-9C7B-F9D6DAB07F5A}"
EndProject
Global
	GlobalSection(SolutionConfigurationPlatforms) = preSolution
		Debug|Any CPU = Debug|Any CPU
		Release|Any CPU = Release|Any CPU
	EndGlobalSection
	GlobalSection(ProjectConfigurationPlatforms) = postSolution
		{E7D62E69-F433-488B-95C3-6CA72AFC245E}.Debug|Any CPU.ActiveCfg = Debug|Any CPU
		{E7D62E69-F433-488B-95C3-6CA72AFC245E}.Debug|Any CPU.Build.0 = Debug|Any CPU
		{E7D62E69-F433-488B-95C3-6CA72AFC245E}.Release|Any CPU.ActiveCfg = Release|Any CPU
		{E7D62E69-F433-488B-95C3-6CA72AFC245E}.Release|Any CPU.Build.0 = Release|Any CPU
		{BC2E7DDB-01CC-42D9-9C7B-F9D6DAB07F5A}.Debug|Any CPU.ActiveCfg = Debug|Any CPU
		{BC2E7DDB-01CC-42D9-9C7B-F9D6DAB07F5A}.Debug|Any CPU.Build.0 = Debug|Any CPU
		{BC2E7DDB-01CC-42D9-9C7B-F9D6DAB07F5A}.Release|Any CPU.ActiveCfg = Release|Any CPU
		{BC2E7DDB-01CC-42D9-9C7B-F9D6DAB07F5A}.Release|Any CPU.Build.0 = Release|Any CPU
	EndGlobalSection
	GlobalSection(SolutionProperties) = preSolution
		HideSolutionNode = FALSE
	EndGlobalSection
	GlobalSection(ExtensibilityGlobals) = postSolution
		SolutionGuid = {A6BFB9CC-6EEB-4FA2-AC24-D79899504478}
	EndGlobalSection
EndGlobal
